{
  "requires": true,
  "lockfileVersion": 1,
  "dependencies": {
    "imagemagick": {
      "version": "0.1.3",
      "resolved": "https://registry.npmjs.org/imagemagick/-/imagemagick-0.1.3.tgz",
      "integrity": "sha1-dIPOoJO02fLi85aFetyIIbU3xWo="
    },
    "images": {
      "version": "2.2.1",
      "resolved": "https://registry.npmjs.org/images/-/images-2.2.1.tgz",
      "integrity": "sha512-Bmgi10We/O+jg54ZQQzQQUlx++7A8hU+5wrNmyk0iOl8AGfyvfDUaJ29bia3La9Lu894pY58uRqqHS0BPOMKig=="
    }
  }
}
